// !$*UTF8*$!
{
	archiveVersion = 1;
	classes = {
	};
	objectVersion = 46;
	objects = {

/* Begin PBXBuildFile section */
		D5AA8FBA1DCFBABE00039E2C /* AppDelegate.swift in Sources */ = {isa = PBXBuildFile; fileRef = D5AA8FB91DCFBABE00039E2C /* AppDelegate.swift */; };
		D5AA8FBC1DCFBABE00039E2C /* ViewController.swift in Sources */ = {isa = PBXBuildFile; fileRef = D5AA8FBB1DCFBABE00039E2C /* ViewController.swift */; };
		D5AA8FBF1DCFBABE00039E2C /* Main.storyboard in Resources */ = {isa = PBXBuildFile; fileRef = D5AA8FBD1DCFBABE00039E2C /* Main.storyboard */; };
		D5AA8FC21DCFBABE00039E2C /* pokemongo.xcdatamodeld in Sources */ = {isa = PBXBuildFile; fileRef = D5AA8FC01DCFBABE00039E2C /* pokemongo.xcdatamodeld */; };
		D5AA8FC41DCFBABE00039E2C /* Assets.xcassets in Resources */ = {isa = PBXBuildFile; fileRef = D5AA8FC31DCFBABE00039E2C /* Assets.xcassets */; };
		D5AA8FC71DCFBABE00039E2C /* LaunchScreen.storyboard in Resources */ = {isa = PBXBuildFile; fileRef = D5AA8FC51DCFBABE00039E2C /* LaunchScreen.storyboard */; };
/* End PBXBuildFile section */

/* Begin PBXFileReference section */
		D5AA8FB61DCFBABE00039E2C /* pokemongo.app */ = {isa = PBXFileReference; explicitFileType = wrapper.application; includeInIndex = 0; path = pokemongo.app; sourceTree = BUILT_PRODUCTS_DIR; };
		D5AA8FB91DCFBABE00039E2C /* AppDelegate.swift */ = {isa = PBXFileReference; lastKnownFileType = sourcecode.swift; path = AppDelegate.swift; sourceTree = "<group>"; };
		D5AA8FBB1DCFBABE00039E2C /* ViewController.swift */ = {isa = PBXFileReference; lastKnownFileType = sourcecode.swift; path = ViewController.swift; sourceTree = "<group>"; };
		D5AA8FBE1DCFBABE00039E2C /* Base */ = {isa = PBXFileReference; lastKnownFileType = file.storyboard; name = Base; path = Base.lproj/Main.storyboard; sourceTree = "<group>"; };
		D5AA8FC11DCFBABE00039E2C /* pokemongo.xcdatamodel */ = {isa = PBXFileReference; lastKnownFileType = wrapper.xcdatamodel; path = pokemongo.xcdatamodel; sourceTree = "<group>"; };
		D5AA8FC31DCFBABE00039E2C /* Assets.xcassets */ = {isa = PBXFileReference; lastKnownFileType = folder.assetcatalog; path = Assets.xcassets; sourceTree = "<group>"; };
		D5AA8FC61DCFBABE00039E2C /* Base */ = {isa = PBXFileReference; lastKnownFileType = file.storyboard; name = Base; path = Base.lproj/LaunchScreen.storyboard; sourceTree = "<group>"; };
		D5AA8FC81DCFBABE00039E2C /* Info.plist */ = {isa = PBXFileReference; lastKnownFileType = text.plist.xml; path = Info.plist; sourceTree = "<group>"; };
/* End PBXFileReference section */

/* Begin PBXFrameworksBuildPhase section */
		D5AA8FB31DCFBABE00039E2C /* Frameworks */ = {
			isa = PBXFrameworksBuildPhase;
			buildActionMask = 2147483647;
			files = (
			);
			runOnlyForDeploymentPostprocessing = 0;
		};
/* End PBXFrameworksBuildPhase section */

/* Begin PBXGroup section */
		D5AA8FAD1DCFBABE00039E2C = {
			isa = PBXGroup;
			children = (
				D5AA8FB81DCFBABE00039E2C /* pokemongo */,
				D5AA8FB71DCFBABE00039E2C /* Products */,
			);
			sourceTree = "<group>";
		};
		D5AA8FB71DCFBABE00039E2C /* Products */ = {
			isa = PBXGroup;
			children = (
				D5AA8FB61DCFBABE00039E2C /* pokemongo.app */,
			);
			name = Products;
			sourceTree = "<group>";
		};
		D5AA8FB81DCFBABE00039E2C /* pokemongo */ = {
			isa = PBXGroup;
			children = (
				D5AA8FB91DCFBABE00039E2C /* AppDelegate.swift */,
				D5AA8FBB1DCFBABE00039E2C /* ViewController.swift */,
				D5AA8FBD1DCFBABE00039E2C /* Main.storyboard */,
				D5AA8FC31DCFBABE00039E2C /* Assets.xcassets */,
				D5AA8FC51DCFBABE00039E2C /* LaunchScreen.storyboard */,
				D5AA8FC81DCFBABE00039E2C /* Info.plist */,
				D5AA8FC01DCFBABE00039E2C /* pokemongo.xcdatamodeld */,
			);
			path = pokemongo;
			sourceTree = "<group>";
		};
/* End PBXGroup section */

/* Begin PBXNativeTarget section */
		D5AA8FB51DCFBABE00039E2C /* pokemongo */ = {
			isa = PBXNativeTarget;
			buildConfigurationList = D5AA8FCB1DCFBABE00039E2C /* Build configuration list for PBXNativeTarget "pokemongo" */;
			buildPhases = (
				D5AA8FB21DCFBABE00039E2C /* Sources */,
				D5AA8FB31DCFBABE00039E2C /* Frameworks */,
				D5AA8FB41DCFBABE00039E2C /* Resources */,
			);
			buildRules = (
			);
			dependencies = (
			);
			name = pokemongo;
			productName = pokemongo;
			productReference = D5AA8FB61DCFBABE00039E2C /* pokemongo.app */;
			productType = "com.apple.product-type.application";
		};
/* End PBXNativeTarget section */

/* Begin PBXProject section */
		D5AA8FAE1DCFBABE00039E2C /* Project object */ = {
			isa = PBXProject;
			attributes = {
				LastSwiftUpdateCheck = 0810;
				LastUpgradeCheck = 0810;
				ORGANIZATIONNAME = "Kavin Tjhan";
				TargetAttributes = {
					D5AA8FB51DCFBABE00039E2C = {
						CreatedOnToolsVersion = 8.1;
						ProvisioningStyle = Automatic;
					};
				};
			};
			buildConfigurationList = D5AA8FB11DCFBABE00039E2C /* Build configuration list for PBXProject "pokemongo" */;
			compatibilityVersion = "Xcode 3.2";
			developmentRegion = English;
			hasScannedForEncodings = 0;
			knownRegions = (
				en,
				Base,
			);
			mainGroup = D5AA8FAD1DCFBABE00039E2C;
			productRefGroup = D5AA8FB71DCFBABE00039E2C /* Products */;
			projectDirPath = "";
			projectRoot = "";
			targets = (
				D5AA8FB51DCFBABE00039E2C /* pokemongo */,
			);
		};
/* End PBXProject section */

/* Begin PBXResourcesBuildPhase section */
		D5AA8FB41DCFBABE00039E2C /* Resources */ = {
			isa = PBXResourcesBuildPhase;
			buildActionMask = 2147483647;
			files = (
				D5AA8FC71DCFBABE00039E2C /* LaunchScreen.storyboard in Resources */,
				D5AA8FC41DCFBABE00039E2C /* Assets.xcassets in Resources */,
				D5AA8FBF1DCFBABE00039E2C /* Main.storyboard in Resources */,
			);
			runOnlyForDeploymentPostprocessing = 0;
		};
/* End PBXResourcesBuildPhase section */

/* Begin PBXSourcesBuildPhase section */
		D5AA8FB21DCFBABE00039E2C /* Sources */ = {
			isa = PBXSourcesBuildPhase;
			buildActionMask = 2147483647;
			files = (
				D5AA8FC21DCFBABE00039E2C /* pokemongo.xcdatamodeld in Sources */,
				D5AA8FBC1DCFBABE00039E2C /* ViewController.swift in Sources */,
				D5AA8FBA1DCFBABE00039E2C /* AppDelegate.swift in Sources */,
			);
			runOnlyForDeploymentPostprocessing = 0;
		};
/* End PBXSourcesBuildPhase section */

/* Begin PBXVariantGroup section */
		D5AA8FBD1DCFBABE00039E2C /* Main.storyboard */ = {
			isa = PBXVariantGroup;
			children = (
				D5AA8FBE1DCFBABE00039E2C /* Base */,
			);
			name = Main.storyboard;
			sourceTree = "<group>";
		};
		D5AA8FC51DCFBABE00039E2C /* LaunchScreen.storyboard */ = {
			isa = PBXVariantGroup;
			children = (
				D5AA8FC61DCFBABE00039E2C /* Base */,
			);
			name = LaunchScreen.storyboard;
			sourceTree = "<group>";
		};
/* End PBXVariantGroup section */

/* Begin XCBuildConfiguration section */
		D5AA8FC91DCFBABE00039E2C /* Debug */ = {
			isa = XCBuildConfiguration;
			buildSettings = {
				ALWAYS_SEARCH_USER_PATHS = NO;
				CLANG_ANALYZER_NONNULL = YES;
				CLANG_CXX_LANGUAGE_STANDARD = "gnu++0x";
				CLANG_CXX_LIBRARY = "libc++";
				CLANG_ENABLE_MODULES = YES;
				CLANG_ENABLE_OBJC_ARC = YES;
				CLANG_WARN_BOOL_CONVERSION = YES;
				CLANG_WARN_CONSTANT_CONVERSION = YES;
				CLANG_WARN_DIRECT_OBJC_ISA_USAGE = YES_ERROR;
				CLANG_WARN_DOCUMENTATION_COMMENTS = YES;
				CLANG_WARN_EMPTY_BODY = YES;
				CLANG_WARN_ENUM_CONVERSION = YES;
				CLANG_WARN_INFINITE_RECURSION = YES;
				CLANG_WARN_INT_CONVERSION = YES;
				CLANG_WARN_OBJC_ROOT_CLASS = YES_ERROR;
				CLANG_WARN_SUSPICIOUS_MOVES = YES;
				CLANG_WARN_UNREACHABLE_CODE = YES;
				CLANG_WARN__DUPLICATE_METHOD_MATCH = YES;
				"CODE_SIGN_IDENTITY[sdk=iphoneos*]" = "iPhone Developer";
				COPY_PHASE_STRIP = NO;
				DEBUG_INFORMATION_FORMAT = dwarf;
				ENABLE_STRICT_OBJC_MSGSEND = YES;
				ENABLE_TESTABILITY = YES;
				GCC_C_LANGUAGE_STANDARD = gnu99;
				GCC_DYNAMIC_NO_PIC = NO;
				GCC_NO_COMMON_BLOCKS = YES;
				GCC_OPTIMIZATION_LEVEL = 0;
				GCC_PREPROCESSOR_DEFINITIONS = (
					"DEBUG=1",
					"$(inherited)",
				);
				GCC_WARN_64_TO_32_BIT_CONVERSION = YES;
				GCC_WARN_ABOUT_RETURN_TYPE = YES_ERROR;
				GCC_WARN_UNDECLARED_SELECTOR = YES;
				GCC_WARN_UNINITIALIZED_AUTOS = YES_AGGRESSIVE;
				GCC_WARN_UNUSED_FUNCTION = YES;
				GCC_WARN_UNUSED_VARIABLE = YES;
				IPHONEOS_DEPLOYMENT_TARGET = 10.1;
				MTL_ENABLE_DEBUG_INFO = YES;
				ONLY_ACTIVE_ARCH = YES;
				SDKROOT = iphoneos;
				SWIFT_ACTIVE_COMPILATION_CONDITIONS = DEBUG;
				SWIFT_OPTIMIZATION_LEVEL = "-Onone";
			};
			name = Debug;
		};
		D5AA8FCA1DCFBABE00039E2C /* Release */ = {
			isa = XCBuildConfiguration;
			buildSettings = {
				ALWAYS_SEARCH_USER_PATHS = NO;
				CLANG_ANALYZER_NONNULL = YES;
				CLANG_CXX_LANGUAGE_STANDARD = "gnu++0x";
				CLANG_CXX_LIBRARY = "libc++";
				CLANG_ENABLE_MODULES = YES;
				CLANG_ENABLE_OBJC_ARC = YES;
				CLANG_WARN_BOOL_CONVERSION = YES;
				CLANG_WARN_CONSTANT_CONVERSION = YES;
				CLANG_WARN_DIRECT_OBJC_ISA_USAGE = YES_ERROR;
				CLANG_WARN_DOCUMENTATION_COMMENTS = YES;
				CLANG_WARN_EMPTY_BODY = YES;
				CLANG_WARN_ENUM_CONVERSION = YES;
				CLANG_WARN_INFINITE_RECURSION = YES;
				CLANG_WARN_INT_CONVERSION = YES;
				CLANG_WARN_OBJC_ROOT_CLASS = YES_ERROR;
				CLANG_WARN_SUSPICIOUS_MOVES = YES;
				CLANG_WARN_UNREACHABLE_CODE = YES;
				CLANG_WARN__DUPLICATE_METHOD_MATCH = YES;
				"CODE_SIGN_IDENTITY[sdk=iphoneos*]" = "iPhone Developer";
				COPY_PHASE_STRIP = NO;
				DEBUG_INFORMATION_FORMAT = "dwarf-with-dsym";
				ENABLE_NS_ASSERTIONS = NO;
				ENABLE_STRICT_OBJC_MSGSEND = YES;
				GCC_C_LANGUAGE_STANDARD = gnu99;
				GCC_NO_COMMON_BLOCKS = YES;
				GCC_WARN_64_TO_32_BIT_CONVERSION = YES;
				GCC_WARN_ABOUT_RETURN_TYPE = YES_ERROR;
				GCC_WARN_UNDECLARED_SELECTOR = YES;
				GCC_WARN_UNINITIALIZED_AUTOS = YES_AGGRESSIVE;
				GCC_WARN_UNUSED_FUNCTION = YES;
				GCC_WARN_UNUSED_VARIABLE = YES;
				IPHONEOS_DEPLOYMENT_TARGET = 10.1;
				MTL_ENABLE_DEBUG_INFO = NO;
				SDKROOT = iphoneos;
				SWIFT_OPTIMIZATION_LEVEL = "-Owholemodule";
				VALIDATE_PRODUCT = YES;
			};
			name = Release;
		};
		D5AA8FCC1DCFBABE00039E2C /* Debug */ = {
			isa = XCBuildConfiguration;
			buildSettings = {
				ASSETCATALOG_COMPILER_APPICON_NAME = AppIcon;
				INFOPLIST_FILE = pokemongo/Info.plist;
				LD_RUNPATH_SEARCH_PATHS = "$(inherited) @executable_path/Frameworks";
				PRODUCT_BUNDLE_IDENTIFIER = ktjhan.pokemongo;
				PRODUCT_NAME = "$(TARGET_NAME)";
				SWIFT_VERSION = 3.0;
			};
			name = Debug;
		};
		D5AA8FCD1DCFBABE00039E2C /* Release */ = {
			isa = XCBuildConfiguration;
			buildSettings = {
				ASSETCATALOG_COMPILER_APPICON_NAME = AppIcon;
				INFOPLIST_FILE = pokemongo/Info.plist;
				LD_RUNPATH_SEARCH_PATHS = "$(inherited) @executable_path/Frameworks";
				PRODUCT_BUNDLE_IDENTIFIER = ktjhan.pokemongo;
				PRODUCT_NAME = "$(TARGET_NAME)";
				SWIFT_VERSION = 3.0;
			};
			name = Release;
		};
/* End XCBuildConfiguration section */

/* Begin XCConfigurationList section */
		D5AA8FB11DCFBABE00039E2C /* Build configuration list for PBXProject "pokemongo" */ = {
			isa = XCConfigurationList;
			buildConfigurations = (
				D5AA8FC91DCFBABE00039E2C /* Debug */,
				D5AA8FCA1DCFBABE00039E2C /* Release */,
			);
			defaultConfigurationIsVisible = 0;
			defaultConfigurationName = Release;
		};
		D5AA8FCB1DCFBABE00039E2C /* Build configuration list for PBXNativeTarget "pokemongo" */ = {
			isa = XCConfigurationList;
			buildConfigurations = (
				D5AA8FCC1DCFBABE00039E2C /* Debug */,
				D5AA8FCD1DCFBABE00039E2C /* Release */,
			);
			defaultConfigurationIsVisible = 0;
		};
/* End XCConfigurationList section */

/* Begin XCVersionGroup section */
		D5AA8FC01DCFBABE00039E2C /* pokemongo.xcdatamodeld */ = {
			isa = XCVersionGroup;
			children = (
				D5AA8FC11DCFBABE00039E2C /* pokemongo.xcdatamodel */,
			);
			currentVersion = D5AA8FC11DCFBABE00039E2C /* pokemongo.xcdatamodel */;
			path = pokemongo.xcdatamodeld;
			sourceTree = "<group>";
			versionGroupType = wrapper.xcdatamodel;
		};
/* End XCVersionGroup section */
	};
	rootObject = D5AA8FAE1DCFBABE00039E2C /* Project object */;
}
